{
    "_meta": {
        "hash": {
            "sha256": "798ca8d2f8a22fa10ed34b2ee1407b9742626b9814e3bc369cc277cc1d7b78f7"
        },
        "pipfile-spec": 6,
        "requires": {
            "python_version": "3.10"
        },
        "sources": [
            {
                "name": "pypi",
                "url": "https://pypi.org/simple",
                "verify_ssl": true
            }
        ]
    },
    "default": {
        "argparse": {
            "hashes": [
                "sha256:62b089a55be1d8949cd2bc7e0df0bddb9e028faefc8c32038cc84862aefdd6e4",
                "sha256:c31647edb69fd3d465a847ea3157d37bed1f95f19760b11a47aa91c04b666314"
            ],
            "version": "==1.4.0"
        },
        "base58": {
            "hashes": [
                "sha256:11a36f4d3ce51dfc1043f3218591ac4eb1ceb172919cebe05b52a5bcc8d245c2",
                "sha256:c5d0cb3f5b6e81e8e35da5754388ddcc6d0d14b6c6a132cb93d69ed580a7278c"
            ],
            "index": "pypi",
            "version": "==2.1.1"
        },
        "linecache2": {
            "hashes": [
                "sha256:4b26ff4e7110db76eeb6f5a7b64a82623839d595c2038eeda662f2a2db78e97c",
                "sha256:e78be9c0a0dfcbac712fe04fbf92b96cddae80b1b842f24248214c8496f006ef"
            ],
            "version": "==1.0.0"
        },
        "pycryptodome": {
            "hashes": [
                "sha256:008ef2c631f112cd5a58736e0b29f4a28b4bb853e68878689f8b476fd56e0691",
                "sha256:073dedf0f9c490ae22ca081b86357646ac9b76f3e2bd89119d137fc697a9e3b6",
                "sha256:0896d5d15ffe584d46cb9b69a75cf14a2bc8f6daf635b7bf16c1b041342a44b1",
                "sha256:1fb7a6f222072412f320b9e48d3ce981920efbfce37b06d028ec9bd94093b37f",
                "sha256:4f1b594d0cf35bd12ec4244df1155a7f565bf6e6245976ac36174c1564688c90",
                "sha256:51ebe9624ad0a0b4da1aaaa2d43aabadf8537737fd494cee0ffa37cd6326de02",
                "sha256:681ac47c538c64305d710eaed2bb49532f62b3f4c93aa7c423c520df981392e5",
                "sha256:702446a012fd9337b9327d168bb0c7dc714eb93ad361f6f61af9ca8305a301f1",
                "sha256:720fafdf3e5c5de93039d8308f765cc60b8e9e7e852ad7135aa65dd89238191f",
                "sha256:72de8c4d71e6b11d54528bb924447fa4fdabcbb3d76cc0e7f61d3b6075def6b3",
                "sha256:765b8b16bc1fd699e183dde642c7f2653b8f3c9c1a50051139908e9683f97732",
                "sha256:7a8b0e526ff239b4f4c61dd6898e2474d609843ffc437267f3a27ddff626e6f6",
                "sha256:7b3478a187d897f003b2aa1793bcc59463e8d57a42e2aafbcbbe9cd47ec46863",
                "sha256:857c16bffd938254e3a834cd6b2a755ed24e1a953b1a86e33da136d3e4c16a6f",
                "sha256:88d6d54e83cf9bbd665ce1e7b9079983ee2d97a05f42e0569ff00a70f1dd8b1e",
                "sha256:95bacf9ff7d1b90bba537d3f5f6c834efe6bfbb1a0195cb3573f29e6716ef08d",
                "sha256:9c8e0e6c5e982699801b20fa74f43c19aa080d2b53a39f3c132d35958e153bd4",
                "sha256:9ea70f6c3f6566159e3798e4593a4a8016994a0080ac29a45200615b45091a1b",
                "sha256:b3af53dddf848afb38b3ac2bae7159ddad1feb9bac14aa3acec6ef1797b82f8d",
                "sha256:ca6db61335d07220de0b665bfee7b8e9615b2dfc67a54016db4826dac34c2dd2",
                "sha256:cb9453c981554984c6f5c5ce7682d7286e65e2173d7416114c3593a977a01bf5",
                "sha256:d92a5eddffb0ad39f582f07c1de26e9daf6880e3e782a94bb7ebaf939567f8bf",
                "sha256:deede160bdf87ddb71f0a1314ad5a267b1a960be314ea7dc6b7ad86da6da89a3",
                "sha256:e3affa03c49cce7b0a9501cc7f608d4f8e61fb2522b276d599ac049b5955576d",
                "sha256:e420cdfca73f80fe15f79bb34756959945231a052440813e5fce531e6e96331a",
                "sha256:e468724173df02f9d83f3fea830bf0d04aa291b5add22b4a78e01c97aab04873",
                "sha256:e5d72be02b17e6bd7919555811264403468d1d052fa67c946e402257c3c29a27",
                "sha256:eec02d9199af4b1ccfe1f9c587691a07a1fa39d949d2c1dc69d079ab9af8212f",
                "sha256:f5457e44d3f26d9946091e92b28f3e970a56538b96c87b4b155a84e32a40b7b5",
                "sha256:f7aad304575d075faf2806977b726b67da7ba294adc97d878f92a062e357a56a"
            ],
            "index": "pypi",
            "version": "==3.13.0"
        },
        "pycryptodome-test-vectors": {
            "hashes": [
                "sha256:a0d7c8566ef0ca1814f6980385d3fa05525e86e130e1ddb7f060da60cb8060b4"
            ],
            "index": "pypi",
            "version": "==1.0.6"
        },
        "pycryptodomex": {
            "hashes": [
                "sha256:00e37d478c0f040639ab41a9d5280291ad2b3b5f25b9aad5baa1d5ecb578a3f6",
                "sha256:04a38a7dc484f5e3152a69e4eab89d9340c2ad3b7c4a27d2ee256e5fb878c469",
                "sha256:05e0e3b78b7ccc0b7c5f88596d51fdc8533adb91070b93e18cec12ca3b43deb3",
                "sha256:0ec86fca2114e8c58fe6bfc7e04ee91568a813139dcf4334819aa44876764bcf",
                "sha256:182962b3612c0d12748fa770f1ef0556ba8ba2c442834450e08acb31d9e6d2ed",
                "sha256:2f2bcee2ef59597bfcb755eef2c98294094c1c9b64e9b9195cc9e71be83adb92",
                "sha256:2f7db8d85294c1123e700097af407425fd4c9e6c58b688f391de7053c6a60317",
                "sha256:3b7656189c259bb2b838559f0a11b533d4d18409ab6d9119c00bae436c3d3e34",
                "sha256:5a2014598ceb19c34f14815a26536e5cc24167ea4d402f0aec2a52b18960c668",
                "sha256:63443230247837dd03c5d4028cae5cb2e6793a9ae110e321798bee48a04ff3e9",
                "sha256:68fb861b41a889c2efdf2795b0d46aa05d4748543bc4e0bca5886c929c7cbdef",
                "sha256:6b3c06e6d235f475395a7e150f2e562a3e9d749fb40c6d81240596f73809346c",
                "sha256:6d50723984ba802904618ef5bfe257a0f9644e76821d323f79f27be5adb9ece7",
                "sha256:7fb188c9a0f69d4f7b607780641ef7aec7f02a8dad689512b17bdf04c96ce6e3",
                "sha256:7fb9d1ab6a10cfc8c8c7e11f004e01c8a1beff5fd4118370d95110735cc23117",
                "sha256:80eedc23c4c4d3655c6a7d315a01f0e9d460c7070c5c3af4952937b4f2c0da6f",
                "sha256:9fa76261100b450e5aca2990ba982e5294ba383f653da041a71b4ac1cbaed1ff",
                "sha256:b11331510cfd08ec4416f37dc8f072541d7b7240ba924c71288f7218aad36bdf",
                "sha256:b4240991748ae0f57a0120b8d905b2d9f835fee02968fc11faec929ef6915ee6",
                "sha256:b7b059517d84c57f25c6fd3b2e03a1b2945df2e585b96109bcd11e56f6c9e610",
                "sha256:b975ce778ea2c65f399ab889a661e118bb68b85db47d93e0442eb1ba1f554794",
                "sha256:c87f62de9e167031ad4179efb1fda4012bb6f7363472a61254e4426bda6bcb64",
                "sha256:ccd301d2e71d243b0fad8c4642116c538d7d405d35b6026cf4dcee463a667a2e",
                "sha256:dce2bfd0f285c3fcff89e4239c55f5fbe664ff435ee45abfc154aac0f222ab14",
                "sha256:dfb8bcd45e504e1c26f0bfc404f3edd08f8c8057dfe04fbf6159adc8694ff97a",
                "sha256:e1900d7f16a03b869be3572e7664757c14316329a4d79ecee5a0083fad8c81b0",
                "sha256:e2ddfbcb2c4c7cb8f79db49e284280be468699c701b92d30fd1e46a786b39f5b",
                "sha256:eb4eea028a7ad28458abf8b98ae14af2fd9baeb327a0adb6af05a488e4d9e9a1",
                "sha256:f3a29bb51e5f9b46004b5be16bcbe4e1b2d2754cbe201e1a0b142c307bdf4c73",
                "sha256:f553abcb3572242fed87e308a6b91a9bc5a74b801b5d093969391b0500be718b"
            ],
            "index": "pypi",
            "version": "==3.13.0"
        },
        "six": {
            "hashes": [
                "sha256:1e61c37477a1626458e36f7b1d82aa5c9b094fa4802892072e49de9c60c4c926",
                "sha256:8abb2f1d86890a2dfb989f9a77cfcfd3e47c2a354b01111771326f8aa26e0254"
            ],
            "markers": "python_version >= '2.7' and python_version not in '3.0, 3.1, 3.2, 3.3'",
            "version": "==1.16.0"
        },
        "traceback2": {
            "hashes": [
                "sha256:05acc67a09980c2ecfedd3423f7ae0104839eccb55fc645773e1caa0951c3030",
                "sha256:8253cebec4b19094d67cc5ed5af99bf1dba1285292226e98a31929f87a5d6b23"
            ],
            "version": "==1.4.0"
        },
        "unittest2": {
            "hashes": [
                "sha256:13f77d0875db6d9b435e1d4f41e74ad4cc2eb6e1d5c824996092b3430f088bb8",
                "sha256:22882a0e418c284e1f718a822b3b022944d53d2d908e1690b319a9d3eb2c0579"
            ],
            "index": "pypi",
            "version": "==1.1.0"
        }
    },
    "develop": {
        "cffi": {
            "hashes": [
                "sha256:00c878c90cb53ccfaae6b8bc18ad05d2036553e6d9d1d9dbcf323bbe83854ca3",
                "sha256:0104fb5ae2391d46a4cb082abdd5c69ea4eab79d8d44eaaf79f1b1fd806ee4c2",
                "sha256:06c48159c1abed75c2e721b1715c379fa3200c7784271b3c46df01383b593636",
                "sha256:0808014eb713677ec1292301ea4c81ad277b6cdf2fdd90fd540af98c0b101d20",
                "sha256:10dffb601ccfb65262a27233ac273d552ddc4d8ae1bf93b21c94b8511bffe728",
                "sha256:14cd121ea63ecdae71efa69c15c5543a4b5fbcd0bbe2aad864baca0063cecf27",
                "sha256:17771976e82e9f94976180f76468546834d22a7cc404b17c22df2a2c81db0c66",
                "sha256:181dee03b1170ff1969489acf1c26533710231c58f95534e3edac87fff06c443",
                "sha256:23cfe892bd5dd8941608f93348c0737e369e51c100d03718f108bf1add7bd6d0",
                "sha256:263cc3d821c4ab2213cbe8cd8b355a7f72a8324577dc865ef98487c1aeee2bc7",
                "sha256:2756c88cbb94231c7a147402476be2c4df2f6078099a6f4a480d239a8817ae39",
                "sha256:27c219baf94952ae9d50ec19651a687b826792055353d07648a5695413e0c605",
                "sha256:2a23af14f408d53d5e6cd4e3d9a24ff9e05906ad574822a10563efcef137979a",
                "sha256:31fb708d9d7c3f49a60f04cf5b119aeefe5644daba1cd2a0fe389b674fd1de37",
                "sha256:3415c89f9204ee60cd09b235810be700e993e343a408693e80ce7f6a40108029",
                "sha256:3773c4d81e6e818df2efbc7dd77325ca0dcb688116050fb2b3011218eda36139",
                "sha256:3b96a311ac60a3f6be21d2572e46ce67f09abcf4d09344c49274eb9e0bf345fc",
                "sha256:3f7d084648d77af029acb79a0ff49a0ad7e9d09057a9bf46596dac9514dc07df",
                "sha256:41d45de54cd277a7878919867c0f08b0cf817605e4eb94093e7516505d3c8d14",
                "sha256:4238e6dab5d6a8ba812de994bbb0a79bddbdf80994e4ce802b6f6f3142fcc880",
                "sha256:45db3a33139e9c8f7c09234b5784a5e33d31fd6907800b316decad50af323ff2",
                "sha256:45e8636704eacc432a206ac7345a5d3d2c62d95a507ec70d62f23cd91770482a",
                "sha256:4958391dbd6249d7ad855b9ca88fae690783a6be9e86df65865058ed81fc860e",
                "sha256:4a306fa632e8f0928956a41fa8e1d6243c71e7eb59ffbd165fc0b41e316b2474",
                "sha256:57e9ac9ccc3101fac9d6014fba037473e4358ef4e89f8e181f8951a2c0162024",
                "sha256:59888172256cac5629e60e72e86598027aca6bf01fa2465bdb676d37636573e8",
                "sha256:5e069f72d497312b24fcc02073d70cb989045d1c91cbd53979366077959933e0",
                "sha256:64d4ec9f448dfe041705426000cc13e34e6e5bb13736e9fd62e34a0b0c41566e",
                "sha256:6dc2737a3674b3e344847c8686cf29e500584ccad76204efea14f451d4cc669a",
                "sha256:74fdfdbfdc48d3f47148976f49fab3251e550a8720bebc99bf1483f5bfb5db3e",
                "sha256:75e4024375654472cc27e91cbe9eaa08567f7fbdf822638be2814ce059f58032",
                "sha256:786902fb9ba7433aae840e0ed609f45c7bcd4e225ebb9c753aa39725bb3e6ad6",
                "sha256:8b6c2ea03845c9f501ed1313e78de148cd3f6cad741a75d43a29b43da27f2e1e",
                "sha256:91d77d2a782be4274da750752bb1650a97bfd8f291022b379bb8e01c66b4e96b",
                "sha256:91ec59c33514b7c7559a6acda53bbfe1b283949c34fe7440bcf917f96ac0723e",
                "sha256:920f0d66a896c2d99f0adbb391f990a84091179542c205fa53ce5787aff87954",
                "sha256:a5263e363c27b653a90078143adb3d076c1a748ec9ecc78ea2fb916f9b861962",
                "sha256:abb9a20a72ac4e0fdb50dae135ba5e77880518e742077ced47eb1499e29a443c",
                "sha256:c2051981a968d7de9dd2d7b87bcb9c939c74a34626a6e2f8181455dd49ed69e4",
                "sha256:c21c9e3896c23007803a875460fb786118f0cdd4434359577ea25eb556e34c55",
                "sha256:c2502a1a03b6312837279c8c1bd3ebedf6c12c4228ddbad40912d671ccc8a962",
                "sha256:d4d692a89c5cf08a8557fdeb329b82e7bf609aadfaed6c0d79f5a449a3c7c023",
                "sha256:da5db4e883f1ce37f55c667e5c0de439df76ac4cb55964655906306918e7363c",
                "sha256:e7022a66d9b55e93e1a845d8c9eba2a1bebd4966cd8bfc25d9cd07d515b33fa6",
                "sha256:ef1f279350da2c586a69d32fc8733092fd32cc8ac95139a00377841f59a3f8d8",
                "sha256:f54a64f8b0c8ff0b64d18aa76675262e1700f3995182267998c31ae974fbc382",
                "sha256:f5c7150ad32ba43a07c4479f40241756145a1f03b43480e058cfd862bf5041c7",
                "sha256:f6f824dc3bce0edab5f427efcfb1d63ee75b6fcb7282900ccaf925be84efb0fc",
                "sha256:fd8a250edc26254fe5b33be00402e6d287f562b6a5b2152dec302fa15bb3e997",
                "sha256:ffaa5c925128e29efbde7301d8ecaf35c8c60ffbcd6a1ffd3a552177c8e5e796"
            ],
            "version": "==1.15.0"
        },
        "cryptography": {
            "hashes": [
                "sha256:0a817b961b46894c5ca8a66b599c745b9a3d9f822725221f0e0fe49dc043a3a3",
                "sha256:2d87cdcb378d3cfed944dac30596da1968f88fb96d7fc34fdae30a99054b2e31",
                "sha256:30ee1eb3ebe1644d1c3f183d115a8c04e4e603ed6ce8e394ed39eea4a98469ac",
                "sha256:391432971a66cfaf94b21c24ab465a4cc3e8bf4a939c1ca5c3e3a6e0abebdbcf",
                "sha256:39bdf8e70eee6b1c7b289ec6e5d84d49a6bfa11f8b8646b5b3dfe41219153316",
                "sha256:4caa4b893d8fad33cf1964d3e51842cd78ba87401ab1d2e44556826df849a8ca",
                "sha256:53e5c1dc3d7a953de055d77bef2ff607ceef7a2aac0353b5d630ab67f7423638",
                "sha256:596f3cd67e1b950bc372c33f1a28a0692080625592ea6392987dba7f09f17a94",
                "sha256:5d59a9d55027a8b88fd9fd2826c4392bd487d74bf628bb9d39beecc62a644c12",
                "sha256:6c0c021f35b421ebf5976abf2daacc47e235f8b6082d3396a2fe3ccd537ab173",
                "sha256:73bc2d3f2444bcfeac67dd130ff2ea598ea5f20b40e36d19821b4df8c9c5037b",
                "sha256:74d6c7e80609c0f4c2434b97b80c7f8fdfaa072ca4baab7e239a15d6d70ed73a",
                "sha256:7be0eec337359c155df191d6ae00a5e8bbb63933883f4f5dffc439dac5348c3f",
                "sha256:94ae132f0e40fe48f310bba63f477f14a43116f05ddb69d6fa31e93f05848ae2",
                "sha256:bb5829d027ff82aa872d76158919045a7c1e91fbf241aec32cb07956e9ebd3c9",
                "sha256:ca238ceb7ba0bdf6ce88c1b74a87bffcee5afbfa1e41e173b1ceb095b39add46",
                "sha256:ca28641954f767f9822c24e927ad894d45d5a1e501767599647259cbf030b903",
                "sha256:e0344c14c9cb89e76eb6a060e67980c9e35b3f36691e15e1b7a9e58a0a6c6dc3",
                "sha256:ebc15b1c22e55c4d5566e3ca4db8689470a0ca2babef8e3a9ee057a8b82ce4b1",
                "sha256:ec63da4e7e4a5f924b90af42eddf20b698a70e58d86a72d943857c4c6045b3ee"
            ],
            "index": "pypi",
            "version": "==36.0.1"
        },
        "pycparser": {
            "hashes": [
                "sha256:8ee45429555515e1f6b185e78100aea234072576aa43ab53aefcae078162fca9",
                "sha256:e644fdec12f7872f86c58ff790da456218b10f863970249516d60a5eaca77206"
            ],
            "version": "==2.21"
        }
    }
}
